
Microsoft Visual Studio Solution File, Format Version 12.00
# Visual Studio Version 17
VisualStudioVersion = 17.5.002.0
MinimumVisualStudioVersion = 10.0.40219.1
Project("{9A19103F-16F7-4668-BE54-9A1E7A4F7556}") = "Aula - 15", "Aula - 15.csproj", "{F5FB8915-5F16-472F-A3B6-C95CF6F8AC0C}"
EndProject
Global
	GlobalSection(SolutionConfigurationPlatforms) = preSolution
		Debug|Any CPU = Debug|Any CPU
		Release|Any CPU = Release|Any CPU
	EndGlobalSection
	GlobalSection(ProjectConfigurationPlatforms) = postSolution
		{F5FB8915-5F16-472F-A3B6-C95CF6F8AC0C}.Debug|Any CPU.ActiveCfg = Debug|Any CPU
		{F5FB8915-5F16-472F-A3B6-C95CF6F8AC0C}.Debug|Any CPU.Build.0 = Debug|Any CPU
		{F5FB8915-5F16-472F-A3B6-C95CF6F8AC0C}.Release|Any CPU.ActiveCfg = Release|Any CPU
		{F5FB8915-5F16-472F-A3B6-C95CF6F8AC0C}.Release|Any CPU.Build.0 = Release|Any CPU
	EndGlobalSection
	GlobalSection(SolutionProperties) = preSolution
		HideSolutionNode = FALSE
	EndGlobalSection
	GlobalSection(ExtensibilityGlobals) = postSolution
		SolutionGuid = {BE4473DF-AD71-44A6-961D-9277690609A7}
	EndGlobalSection
EndGlobal
